
Microsoft Visual Studio Solution File, Format Version 12.00
# Visual Studio 2013
VisualStudioVersion = 12.0.31101.0
MinimumVisualStudioVersion = 10.0.40219.1
Project("{8BC9CEB8-8B4A-11D0-8D11-00A0C91BC942}") = "20150830_USACO_1.5_sprime", "20150830_USACO_1.5_sprime\20150830_USACO_1.5_sprime.vcxproj", "{84FF620F-6A21-4C4F-B039-D4E34DCDDBDC}"
EndProject
Global
	GlobalSection(SolutionConfigurationPlatforms) = preSolution
		Debug|Win32 = Debug|Win32
		Release|Win32 = Release|Win32
	EndGlobalSection
	GlobalSection(ProjectConfigurationPlatforms) = postSolution
		{84FF620F-6A21-4C4F-B039-D4E34DCDDBDC}.Debug|Win32.ActiveCfg = Debug|Win32
		{84FF620F-6A21-4C4F-B039-D4E34DCDDBDC}.Debug|Win32.Build.0 = Debug|Win32
		{84FF620F-6A21-4C4F-B039-D4E34DCDDBDC}.Release|Win32.ActiveCfg = Release|Win32
		{84FF620F-6A21-4C4F-B039-D4E34DCDDBDC}.Release|Win32.Build.0 = Release|Win32
	EndGlobalSection
	GlobalSection(SolutionProperties) = preSolution
		HideSolutionNode = FALSE
	EndGlobalSection
EndGlobal
